
Microsoft Visual Studio Solution File, Format Version 12.00
# Visual Studio Version 16
VisualStudioVersion = 16.0.29311.281
MinimumVisualStudioVersion = 10.0.40219.1
Project("{FAE04EC0-301F-11D3-BF4B-00C04F79EFBC}") = "IdentityServerHost", "IdentityServerHost\IdentityServerHost.csproj", "{997391CA-8BA7-44AA-AE3D-7F69CA4224E6}"
EndProject
Project("{FAE04EC0-301F-11D3-BF4B-00C04F79EFBC}") = "ConsoleClient", "ConsoleClient\ConsoleClient.csproj", "{0A82294D-219A-41C0-BF9F-83C22ABCAF1E}"
EndProject
Global
	GlobalSection(SolutionConfigurationPlatforms) = preSolution
		Debug|Any CPU = Debug|Any CPU
		Release|Any CPU = Release|Any CPU
	EndGlobalSection
	GlobalSection(ProjectConfigurationPlatforms) = postSolution
		{997391CA-8BA7-44AA-AE3D-7F69CA4224E6}.Debug|Any CPU.ActiveCfg = Debug|Any CPU
		{997391CA-8BA7-44AA-AE3D-7F69CA4224E6}.Debug|Any CPU.Build.0 = Debug|Any CPU
		{997391CA-8BA7-44AA-AE3D-7F69CA4224E6}.Release|Any CPU.ActiveCfg = Release|Any CPU
		{997391CA-8BA7-44AA-AE3D-7F69CA4224E6}.Release|Any CPU.Build.0 = Release|Any CPU
		{0A82294D-219A-41C0-BF9F-83C22ABCAF1E}.Debug|Any CPU.ActiveCfg = Debug|Any CPU
		{0A82294D-219A-41C0-BF9F-83C22ABCAF1E}.Debug|Any CPU.Build.0 = Debug|Any CPU
		{0A82294D-219A-41C0-BF9F-83C22ABCAF1E}.Release|Any CPU.ActiveCfg = Release|Any CPU
		{0A82294D-219A-41C0-BF9F-83C22ABCAF1E}.Release|Any CPU.Build.0 = Release|Any CPU
	EndGlobalSection
	GlobalSection(SolutionProperties) = preSolution
		HideSolutionNode = FALSE
	EndGlobalSection
	GlobalSection(ExtensibilityGlobals) = postSolution
		SolutionGuid = {B9BDFB25-B179-4115-8916-045B7CA9E4D7}
	EndGlobalSection
EndGlobal
